// !$*UTF8*$!
{
	archiveVersion = 1;
	classes = {
	};
	objectVersion = 56;
	objects = {

/* Begin PBXBuildFile section */
		80BAA7DD2913819E0016338A /* AppDelegate.swift in Sources */ = {isa = PBXBuildFile; fileRef = 80BAA7DC2913819E0016338A /* AppDelegate.swift */; };
		80BAA7DF2913819E0016338A /* SceneDelegate.swift in Sources */ = {isa = PBXBuildFile; fileRef = 80BAA7DE2913819E0016338A /* SceneDelegate.swift */; };
		80BAA7E12913819E0016338A /* ViewController.swift in Sources */ = {isa = PBXBuildFile; fileRef = 80BAA7E02913819E0016338A /* ViewController.swift */; };
		80BAA7E42913819E0016338A /* Main.storyboard in Resources */ = {isa = PBXBuildFile; fileRef = 80BAA7E22913819E0016338A /* Main.storyboard */; };
		80BAA7E6291381A00016338A /* Assets.xcassets in Resources */ = {isa = PBXBuildFile; fileRef = 80BAA7E5291381A00016338A /* Assets.xcassets */; };
		80BAA7E9291381A00016338A /* LaunchScreen.storyboard in Resources */ = {isa = PBXBuildFile; fileRef = 80BAA7E7291381A00016338A /* LaunchScreen.storyboard */; };
		80BAA7F4291381A00016338A /* PjHIts2Tests.swift in Sources */ = {isa = PBXBuildFile; fileRef = 80BAA7F3291381A00016338A /* PjHIts2Tests.swift */; };
		80BAA7FE291381A00016338A /* PjHIts2UITests.swift in Sources */ = {isa = PBXBuildFile; fileRef = 80BAA7FD291381A00016338A /* PjHIts2UITests.swift */; };
		80BAA800291381A00016338A /* PjHIts2UITestsLaunchTests.swift in Sources */ = {isa = PBXBuildFile; fileRef = 80BAA7FF291381A00016338A /* PjHIts2UITestsLaunchTests.swift */; };
/* End PBXBuildFile section */

/* Begin PBXContainerItemProxy section */
		80BAA7F0291381A00016338A /* PBXContainerItemProxy */ = {
			isa = PBXContainerItemProxy;
			containerPortal = 80BAA7D12913819E0016338A /* Project object */;
			proxyType = 1;
			remoteGlobalIDString = 80BAA7D82913819E0016338A;
			remoteInfo = PjHIts2;
		};
		80BAA7FA291381A00016338A /* PBXContainerItemProxy */ = {
			isa = PBXContainerItemProxy;
			containerPortal = 80BAA7D12913819E0016338A /* Project object */;
			proxyType = 1;
			remoteGlobalIDString = 80BAA7D82913819E0016338A;
			remoteInfo = PjHIts2;
		};
/* End PBXContainerItemProxy section */

/* Begin PBXFileReference section */
		80BAA7D92913819E0016338A /* PjHIts2.app */ = {isa = PBXFileReference; explicitFileType = wrapper.application; includeInIndex = 0; path = PjHIts2.app; sourceTree = BUILT_PRODUCTS_DIR; };
		80BAA7DC2913819E0016338A /* AppDelegate.swift */ = {isa = PBXFileReference; lastKnownFileType = sourcecode.swift; path = AppDelegate.swift; sourceTree = "<group>"; };
		80BAA7DE2913819E0016338A /* SceneDelegate.swift */ = {isa = PBXFileReference; lastKnownFileType = sourcecode.swift; path = SceneDelegate.swift; sourceTree = "<group>"; };
		80BAA7E02913819E0016338A /* ViewController.swift */ = {isa = PBXFileReference; lastKnownFileType = sourcecode.swift; path = ViewController.swift; sourceTree = "<group>"; };
		80BAA7E32913819E0016338A /* Base */ = {isa = PBXFileReference; lastKnownFileType = file.storyboard; name = Base; path = Base.lproj/Main.storyboard; sourceTree = "<group>"; };
		80BAA7E5291381A00016338A /* Assets.xcassets */ = {isa = PBXFileReference; lastKnownFileType = folder.assetcatalog; path = Assets.xcassets; sourceTree = "<group>"; };
		80BAA7E8291381A00016338A /* Base */ = {isa = PBXFileReference; lastKnownFileType = file.storyboard; name = Base; path = Base.lproj/LaunchScreen.storyboard; sourceTree = "<group>"; };
		80BAA7EA291381A00016338A /* Info.plist */ = {isa = PBXFileReference; lastKnownFileType = text.plist.xml; path = Info.plist; sourceTree = "<group>"; };
		80BAA7EF291381A00016338A /* PjHIts2Tests.xctest */ = {isa = PBXFileReference; explicitFileType = wrapper.cfbundle; includeInIndex = 0; path = PjHIts2Tests.xctest; sourceTree = BUILT_PRODUCTS_DIR; };
		80BAA7F3291381A00016338A /* PjHIts2Tests.swift */ = {isa = PBXFileReference; lastKnownFileType = sourcecode.swift; path = PjHIts2Tests.swift; sourceTree = "<group>"; };
		80BAA7F9291381A00016338A /* PjHIts2UITests.xctest */ = {isa = PBXFileReference; explicitFileType = wrapper.cfbundle; includeInIndex = 0; path = PjHIts2UITests.xctest; sourceTree = BUILT_PRODUCTS_DIR; };
		80BAA7FD291381A00016338A /* PjHIts2UITests.swift */ = {isa = PBXFileReference; lastKnownFileType = sourcecode.swift; path = PjHIts2UITests.swift; sourceTree = "<group>"; };
		80BAA7FF291381A00016338A /* PjHIts2UITestsLaunchTests.swift */ = {isa = PBXFileReference; lastKnownFileType = sourcecode.swift; path = PjHIts2UITestsLaunchTests.swift; sourceTree = "<group>"; };
/* End PBXFileReference section */

/* Begin PBXFrameworksBuildPhase section */
		80BAA7D62913819E0016338A /* Frameworks */ = {
			isa = PBXFrameworksBuildPhase;
			buildActionMask = 2147483647;
			files = (
			);
			runOnlyForDeploymentPostprocessing = 0;
		};
		80BAA7EC291381A00016338A /* Frameworks */ = {
			isa = PBXFrameworksBuildPhase;
			buildActionMask = 2147483647;
			files = (
			);
			runOnlyForDeploymentPostprocessing = 0;
		};
		80BAA7F6291381A00016338A /* Frameworks */ = {
			isa = PBXFrameworksBuildPhase;
			buildActionMask = 2147483647;
			files = (
			);
			runOnlyForDeploymentPostprocessing = 0;
		};
/* End PBXFrameworksBuildPhase section */

/* Begin PBXGroup section */
		80BAA7D02913819E0016338A = {
			isa = PBXGroup;
			children = (
				80BAA7DB2913819E0016338A /* PjHIts2 */,
				80BAA7F2291381A00016338A /* PjHIts2Tests */,
				80BAA7FC291381A00016338A /* PjHIts2UITests */,
				80BAA7DA2913819E0016338A /* Products */,
			);
			sourceTree = "<group>";
		};
		80BAA7DA2913819E0016338A /* Products */ = {
			isa = PBXGroup;
			children = (
				80BAA7D92913819E0016338A /* PjHIts2.app */,
				80BAA7EF291381A00016338A /* PjHIts2Tests.xctest */,
				80BAA7F9291381A00016338A /* PjHIts2UITests.xctest */,
			);
			name = Products;
			sourceTree = "<group>";
		};
		80BAA7DB2913819E0016338A /* PjHIts2 */ = {
			isa = PBXGroup;
			children = (
				80BAA7DC2913819E0016338A /* AppDelegate.swift */,
				80BAA7DE2913819E0016338A /* SceneDelegate.swift */,
				80BAA7E02913819E0016338A /* ViewController.swift */,
				80BAA7E22913819E0016338A /* Main.storyboard */,
				80BAA7E5291381A00016338A /* Assets.xcassets */,
				80BAA7E7291381A00016338A /* LaunchScreen.storyboard */,
				80BAA7EA291381A00016338A /* Info.plist */,
			);
			path = PjHIts2;
			sourceTree = "<group>";
		};
		80BAA7F2291381A00016338A /* PjHIts2Tests */ = {
			isa = PBXGroup;
			children = (
				80BAA7F3291381A00016338A /* PjHIts2Tests.swift */,
			);
			path = PjHIts2Tests;
			sourceTree = "<group>";
		};
		80BAA7FC291381A00016338A /* PjHIts2UITests */ = {
			isa = PBXGroup;
			children = (
				80BAA7FD291381A00016338A /* PjHIts2UITests.swift */,
				80BAA7FF291381A00016338A /* PjHIts2UITestsLaunchTests.swift */,
			);
			path = PjHIts2UITests;
			sourceTree = "<group>";
		};
/* End PBXGroup section */

/* Begin PBXNativeTarget section */
		80BAA7D82913819E0016338A /* PjHIts2 */ = {
			isa = PBXNativeTarget;
			buildConfigurationList = 80BAA803291381A00016338A /* Build configuration list for PBXNativeTarget "PjHIts2" */;
			buildPhases = (
				80BAA7D52913819E0016338A /* Sources */,
				80BAA7D62913819E0016338A /* Frameworks */,
				80BAA7D72913819E0016338A /* Resources */,
			);
			buildRules = (
			);
			dependencies = (
			);
			name = PjHIts2;
			productName = PjHIts2;
			productReference = 80BAA7D92913819E0016338A /* PjHIts2.app */;
			productType = "com.apple.product-type.application";
		};
		80BAA7EE291381A00016338A /* PjHIts2Tests */ = {
			isa = PBXNativeTarget;
			buildConfigurationList = 80BAA806291381A00016338A /* Build configuration list for PBXNativeTarget "PjHIts2Tests" */;
			buildPhases = (
				80BAA7EB291381A00016338A /* Sources */,
				80BAA7EC291381A00016338A /* Frameworks */,
				80BAA7ED291381A00016338A /* Resources */,
			);
			buildRules = (
			);
			dependencies = (
				80BAA7F1291381A00016338A /* PBXTargetDependency */,
			);
			name = PjHIts2Tests;
			productName = PjHIts2Tests;
			productReference = 80BAA7EF291381A00016338A /* PjHIts2Tests.xctest */;
			productType = "com.apple.product-type.bundle.unit-test";
		};
		80BAA7F8291381A00016338A /* PjHIts2UITests */ = {
			isa = PBXNativeTarget;
			buildConfigurationList = 80BAA809291381A00016338A /* Build configuration list for PBXNativeTarget "PjHIts2UITests" */;
			buildPhases = (
				80BAA7F5291381A00016338A /* Sources */,
				80BAA7F6291381A00016338A /* Frameworks */,
				80BAA7F7291381A00016338A /* Resources */,
			);
			buildRules = (
			);
			dependencies = (
				80BAA7FB291381A00016338A /* PBXTargetDependency */,
			);
			name = PjHIts2UITests;
			productName = PjHIts2UITests;
			productReference = 80BAA7F9291381A00016338A /* PjHIts2UITests.xctest */;
			productType = "com.apple.product-type.bundle.ui-testing";
		};
/* End PBXNativeTarget section */

/* Begin PBXProject section */
		80BAA7D12913819E0016338A /* Project object */ = {
			isa = PBXProject;
			attributes = {
				BuildIndependentTargetsInParallel = 1;
				LastSwiftUpdateCheck = 1400;
				LastUpgradeCheck = 1400;
				TargetAttributes = {
					80BAA7D82913819E0016338A = {
						CreatedOnToolsVersion = 14.0.1;
					};
					80BAA7EE291381A00016338A = {
						CreatedOnToolsVersion = 14.0.1;
						TestTargetID = 80BAA7D82913819E0016338A;
					};
					80BAA7F8291381A00016338A = {
						CreatedOnToolsVersion = 14.0.1;
						TestTargetID = 80BAA7D82913819E0016338A;
					};
				};
			};
			buildConfigurationList = 80BAA7D42913819E0016338A /* Build configuration list for PBXProject "PjHIts2" */;
			compatibilityVersion = "Xcode 14.0";
			developmentRegion = en;
			hasScannedForEncodings = 0;
			knownRegions = (
				en,
				Base,
			);
			mainGroup = 80BAA7D02913819E0016338A;
			productRefGroup = 80BAA7DA2913819E0016338A /* Products */;
			projectDirPath = "";
			projectRoot = "";
			targets = (
				80BAA7D82913819E0016338A /* PjHIts2 */,
				80BAA7EE291381A00016338A /* PjHIts2Tests */,
				80BAA7F8291381A00016338A /* PjHIts2UITests */,
			);
		};
/* End PBXProject section */

/* Begin PBXResourcesBuildPhase section */
		80BAA7D72913819E0016338A /* Resources */ = {
			isa = PBXResourcesBuildPhase;
			buildActionMask = 2147483647;
			files = (
				80BAA7E9291381A00016338A /* LaunchScreen.storyboard in Resources */,
				80BAA7E6291381A00016338A /* Assets.xcassets in Resources */,
				80BAA7E42913819E0016338A /* Main.storyboard in Resources */,
			);
			runOnlyForDeploymentPostprocessing = 0;
		};
		80BAA7ED291381A00016338A /* Resources */ = {
			isa = PBXResourcesBuildPhase;
			buildActionMask = 2147483647;
			files = (
			);
			runOnlyForDeploymentPostprocessing = 0;
		};
		80BAA7F7291381A00016338A /* Resources */ = {
			isa = PBXResourcesBuildPhase;
			buildActionMask = 2147483647;
			files = (
			);
			runOnlyForDeploymentPostprocessing = 0;
		};
/* End PBXResourcesBuildPhase section */

/* Begin PBXSourcesBuildPhase section */
		80BAA7D52913819E0016338A /* Sources */ = {
			isa = PBXSourcesBuildPhase;
			buildActionMask = 2147483647;
			files = (
				80BAA7E12913819E0016338A /* ViewController.swift in Sources */,
				80BAA7DD2913819E0016338A /* AppDelegate.swift in Sources */,
				80BAA7DF2913819E0016338A /* SceneDelegate.swift in Sources */,
			);
			runOnlyForDeploymentPostprocessing = 0;
		};
		80BAA7EB291381A00016338A /* Sources */ = {
			isa = PBXSourcesBuildPhase;
			buildActionMask = 2147483647;
			files = (
				80BAA7F4291381A00016338A /* PjHIts2Tests.swift in Sources */,
			);
			runOnlyForDeploymentPostprocessing = 0;
		};
		80BAA7F5291381A00016338A /* Sources */ = {
			isa = PBXSourcesBuildPhase;
			buildActionMask = 2147483647;
			files = (
				80BAA7FE291381A00016338A /* PjHIts2UITests.swift in Sources */,
				80BAA800291381A00016338A /* PjHIts2UITestsLaunchTests.swift in Sources */,
			);
			runOnlyForDeploymentPostprocessing = 0;
		};
/* End PBXSourcesBuildPhase section */

/* Begin PBXTargetDependency section */
		80BAA7F1291381A00016338A /* PBXTargetDependency */ = {
			isa = PBXTargetDependency;
			target = 80BAA7D82913819E0016338A /* PjHIts2 */;
			targetProxy = 80BAA7F0291381A00016338A /* PBXContainerItemProxy */;
		};
		80BAA7FB291381A00016338A /* PBXTargetDependency */ = {
			isa = PBXTargetDependency;
			target = 80BAA7D82913819E0016338A /* PjHIts2 */;
			targetProxy = 80BAA7FA291381A00016338A /* PBXContainerItemProxy */;
		};
/* End PBXTargetDependency section */

/* Begin PBXVariantGroup section */
		80BAA7E22913819E0016338A /* Main.storyboard */ = {
			isa = PBXVariantGroup;
			children = (
				80BAA7E32913819E0016338A /* Base */,
			);
			name = Main.storyboard;
			sourceTree = "<group>";
		};
		80BAA7E7291381A00016338A /* LaunchScreen.storyboard */ = {
			isa = PBXVariantGroup;
			children = (
				80BAA7E8291381A00016338A /* Base */,
			);
			name = LaunchScreen.storyboard;
			sourceTree = "<group>";
		};
/* End PBXVariantGroup section */

/* Begin XCBuildConfiguration section */
		80BAA801291381A00016338A /* Debug */ = {
			isa = XCBuildConfiguration;
			buildSettings = {
				ALWAYS_SEARCH_USER_PATHS = NO;
				CLANG_ANALYZER_NONNULL = YES;
				CLANG_ANALYZER_NUMBER_OBJECT_CONVERSION = YES_AGGRESSIVE;
				CLANG_CXX_LANGUAGE_STANDARD = "gnu++20";
				CLANG_ENABLE_MODULES = YES;
				CLANG_ENABLE_OBJC_ARC = YES;
				CLANG_ENABLE_OBJC_WEAK = YES;
				CLANG_WARN_BLOCK_CAPTURE_AUTORELEASING = YES;
				CLANG_WARN_BOOL_CONVERSION = YES;
				CLANG_WARN_COMMA = YES;
				CLANG_WARN_CONSTANT_CONVERSION = YES;
				CLANG_WARN_DEPRECATED_OBJC_IMPLEMENTATIONS = YES;
				CLANG_WARN_DIRECT_OBJC_ISA_USAGE = YES_ERROR;
				CLANG_WARN_DOCUMENTATION_COMMENTS = YES;
				CLANG_WARN_EMPTY_BODY = YES;
				CLANG_WARN_ENUM_CONVERSION = YES;
				CLANG_WARN_INFINITE_RECURSION = YES;
				CLANG_WARN_INT_CONVERSION = YES;
				CLANG_WARN_NON_LITERAL_NULL_CONVERSION = YES;
				CLANG_WARN_OBJC_IMPLICIT_RETAIN_SELF = YES;
				CLANG_WARN_OBJC_LITERAL_CONVERSION = YES;
				CLANG_WARN_OBJC_ROOT_CLASS = YES_ERROR;
				CLANG_WARN_QUOTED_INCLUDE_IN_FRAMEWORK_HEADER = YES;
				CLANG_WARN_RANGE_LOOP_ANALYSIS = YES;
				CLANG_WARN_STRICT_PROTOTYPES = YES;
				CLANG_WARN_SUSPICIOUS_MOVE = YES;
				CLANG_WARN_UNGUARDED_AVAILABILITY = YES_AGGRESSIVE;
				CLANG_WARN_UNREACHABLE_CODE = YES;
				CLANG_WARN__DUPLICATE_METHOD_MATCH = YES;
				COPY_PHASE_STRIP = NO;
				DEBUG_INFORMATION_FORMAT = dwarf;
				ENABLE_STRICT_OBJC_MSGSEND = YES;
				ENABLE_TESTABILITY = YES;
				GCC_C_LANGUAGE_STANDARD = gnu11;
				GCC_DYNAMIC_NO_PIC = NO;
				GCC_NO_COMMON_BLOCKS = YES;
				GCC_OPTIMIZATION_LEVEL = 0;
				GCC_PREPROCESSOR_DEFINITIONS = (
					"DEBUG=1",
					"$(inherited)",
				);
				GCC_WARN_64_TO_32_BIT_CONVERSION = YES;
				GCC_WARN_ABOUT_RETURN_TYPE = YES_ERROR;
				GCC_WARN_UNDECLARED_SELECTOR = YES;
				GCC_WARN_UNINITIALIZED_AUTOS = YES_AGGRESSIVE;
				GCC_WARN_UNUSED_FUNCTION = YES;
				GCC_WARN_UNUSED_VARIABLE = YES;
				IPHONEOS_DEPLOYMENT_TARGET = 16.0;
				MTL_ENABLE_DEBUG_INFO = INCLUDE_SOURCE;
				MTL_FAST_MATH = YES;
				ONLY_ACTIVE_ARCH = YES;
				SDKROOT = iphoneos;
				SWIFT_ACTIVE_COMPILATION_CONDITIONS = DEBUG;
				SWIFT_OPTIMIZATION_LEVEL = "-Onone";
			};
			name = Debug;
		};
		80BAA802291381A00016338A /* Release */ = {
			isa = XCBuildConfiguration;
			buildSettings = {
				ALWAYS_SEARCH_USER_PATHS = NO;
				CLANG_ANALYZER_NONNULL = YES;
				CLANG_ANALYZER_NUMBER_OBJECT_CONVERSION = YES_AGGRESSIVE;
				CLANG_CXX_LANGUAGE_STANDARD = "gnu++20";
				CLANG_ENABLE_MODULES = YES;
				CLANG_ENABLE_OBJC_ARC = YES;
				CLANG_ENABLE_OBJC_WEAK = YES;
				CLANG_WARN_BLOCK_CAPTURE_AUTORELEASING = YES;
				CLANG_WARN_BOOL_CONVERSION = YES;
				CLANG_WARN_COMMA = YES;
				CLANG_WARN_CONSTANT_CONVERSION = YES;
				CLANG_WARN_DEPRECATED_OBJC_IMPLEMENTATIONS = YES;
				CLANG_WARN_DIRECT_OBJC_ISA_USAGE = YES_ERROR;
				CLANG_WARN_DOCUMENTATION_COMMENTS = YES;
				CLANG_WARN_EMPTY_BODY = YES;
				CLANG_WARN_ENUM_CONVERSION = YES;
				CLANG_WARN_INFINITE_RECURSION = YES;
				CLANG_WARN_INT_CONVERSION = YES;
				CLANG_WARN_NON_LITERAL_NULL_CONVERSION = YES;
				CLANG_WARN_OBJC_IMPLICIT_RETAIN_SELF = YES;
				CLANG_WARN_OBJC_LITERAL_CONVERSION = YES;
				CLANG_WARN_OBJC_ROOT_CLASS = YES_ERROR;
				CLANG_WARN_QUOTED_INCLUDE_IN_FRAMEWORK_HEADER = YES;
				CLANG_WARN_RANGE_LOOP_ANALYSIS = YES;
				CLANG_WARN_STRICT_PROTOTYPES = YES;
				CLANG_WARN_SUSPICIOUS_MOVE = YES;
				CLANG_WARN_UNGUARDED_AVAILABILITY = YES_AGGRESSIVE;
				CLANG_WARN_UNREACHABLE_CODE = YES;
				CLANG_WARN__DUPLICATE_METHOD_MATCH = YES;
				COPY_PHASE_STRIP = NO;
				DEBUG_INFORMATION_FORMAT = "dwarf-with-dsym";
				ENABLE_NS_ASSERTIONS = NO;
				ENABLE_STRICT_OBJC_MSGSEND = YES;
				GCC_C_LANGUAGE_STANDARD = gnu11;
				GCC_NO_COMMON_BLOCKS = YES;
				GCC_WARN_64_TO_32_BIT_CONVERSION = YES;
				GCC_WARN_ABOUT_RETURN_TYPE = YES_ERROR;
				GCC_WARN_UNDECLARED_SELECTOR = YES;
				GCC_WARN_UNINITIALIZED_AUTOS = YES_AGGRESSIVE;
				GCC_WARN_UNUSED_FUNCTION = YES;
				GCC_WARN_UNUSED_VARIABLE = YES;
				IPHONEOS_DEPLOYMENT_TARGET = 16.0;
				MTL_ENABLE_DEBUG_INFO = NO;
				MTL_FAST_MATH = YES;
				SDKROOT = iphoneos;
				SWIFT_COMPILATION_MODE = wholemodule;
				SWIFT_OPTIMIZATION_LEVEL = "-O";
				VALIDATE_PRODUCT = YES;
			};
			name = Release;
		};
		80BAA804291381A00016338A /* Debug */ = {
			isa = XCBuildConfiguration;
			buildSettings = {
				ASSETCATALOG_COMPILER_APPICON_NAME = AppIcon;
				ASSETCATALOG_COMPILER_GLOBAL_ACCENT_COLOR_NAME = AccentColor;
				CODE_SIGN_STYLE = Automatic;
				CURRENT_PROJECT_VERSION = 1;
				GENERATE_INFOPLIST_FILE = YES;
				INFOPLIST_FILE = PjHIts2/Info.plist;
				INFOPLIST_KEY_UIApplicationSupportsIndirectInputEvents = YES;
				INFOPLIST_KEY_UILaunchStoryboardName = LaunchScreen;
				INFOPLIST_KEY_UIMainStoryboardFile = Main;
				INFOPLIST_KEY_UISupportedInterfaceOrientations_iPad = "UIInterfaceOrientationPortrait UIInterfaceOrientationPortraitUpsideDown UIInterfaceOrientationLandscapeLeft UIInterfaceOrientationLandscapeRight";
				INFOPLIST_KEY_UISupportedInterfaceOrientations_iPhone = "UIInterfaceOrientationPortrait UIInterfaceOrientationLandscapeLeft UIInterfaceOrientationLandscapeRight";
				LD_RUNPATH_SEARCH_PATHS = (
					"$(inherited)",
					"@executable_path/Frameworks",
				);
				MARKETING_VERSION = 1.0;
				PRODUCT_BUNDLE_IDENTIFIER = com.eamozart0122.PjHits.PjHIts2;
				PRODUCT_NAME = "$(TARGET_NAME)";
				SWIFT_EMIT_LOC_STRINGS = YES;
				SWIFT_VERSION = 5.0;
				TARGETED_DEVICE_FAMILY = "1,2";
			};
			name = Debug;
		};
		80BAA805291381A00016338A /* Release */ = {
			isa = XCBuildConfiguration;
			buildSettings = {
				ASSETCATALOG_COMPILER_APPICON_NAME = AppIcon;
				ASSETCATALOG_COMPILER_GLOBAL_ACCENT_COLOR_NAME = AccentColor;
				CODE_SIGN_STYLE = Automatic;
				CURRENT_PROJECT_VERSION = 1;
				GENERATE_INFOPLIST_FILE = YES;
				INFOPLIST_FILE = PjHIts2/Info.plist;
				INFOPLIST_KEY_UIApplicationSupportsIndirectInputEvents = YES;
				INFOPLIST_KEY_UILaunchStoryboardName = LaunchScreen;
				INFOPLIST_KEY_UIMainStoryboardFile = Main;
				INFOPLIST_KEY_UISupportedInterfaceOrientations_iPad = "UIInterfaceOrientationPortrait UIInterfaceOrientationPortraitUpsideDown UIInterfaceOrientationLandscapeLeft UIInterfaceOrientationLandscapeRight";
				INFOPLIST_KEY_UISupportedInterfaceOrientations_iPhone = "UIInterfaceOrientationPortrait UIInterfaceOrientationLandscapeLeft UIInterfaceOrientationLandscapeRight";
				LD_RUNPATH_SEARCH_PATHS = (
					"$(inherited)",
					"@executable_path/Frameworks",
				);
				MARKETING_VERSION = 1.0;
				PRODUCT_BUNDLE_IDENTIFIER = com.eamozart0122.PjHits.PjHIts2;
				PRODUCT_NAME = "$(TARGET_NAME)";
				SWIFT_EMIT_LOC_STRINGS = YES;
				SWIFT_VERSION = 5.0;
				TARGETED_DEVICE_FAMILY = "1,2";
			};
			name = Release;
		};
		80BAA807291381A00016338A /* Debug */ = {
			isa = XCBuildConfiguration;
			buildSettings = {
				ALWAYS_EMBED_SWIFT_STANDARD_LIBRARIES = YES;
				BUNDLE_LOADER = "$(TEST_HOST)";
				CODE_SIGN_STYLE = Automatic;
				CURRENT_PROJECT_VERSION = 1;
				GENERATE_INFOPLIST_FILE = YES;
				IPHONEOS_DEPLOYMENT_TARGET = 16.0;
				MARKETING_VERSION = 1.0;
				PRODUCT_BUNDLE_IDENTIFIER = com.eamozart0122.PjHits.PjHIts2Tests;
				PRODUCT_NAME = "$(TARGET_NAME)";
				SWIFT_EMIT_LOC_STRINGS = NO;
				SWIFT_VERSION = 5.0;
				TARGETED_DEVICE_FAMILY = "1,2";
				TEST_HOST = "$(BUILT_PRODUCTS_DIR)/PjHIts2.app/$(BUNDLE_EXECUTABLE_FOLDER_PATH)/PjHIts2";
			};
			name = Debug;
		};
		80BAA808291381A00016338A /* Release */ = {
			isa = XCBuildConfiguration;
			buildSettings = {
				ALWAYS_EMBED_SWIFT_STANDARD_LIBRARIES = YES;
				BUNDLE_LOADER = "$(TEST_HOST)";
				CODE_SIGN_STYLE = Automatic;
				CURRENT_PROJECT_VERSION = 1;
				GENERATE_INFOPLIST_FILE = YES;
				IPHONEOS_DEPLOYMENT_TARGET = 16.0;
				MARKETING_VERSION = 1.0;
				PRODUCT_BUNDLE_IDENTIFIER = com.eamozart0122.PjHits.PjHIts2Tests;
				PRODUCT_NAME = "$(TARGET_NAME)";
				SWIFT_EMIT_LOC_STRINGS = NO;
				SWIFT_VERSION = 5.0;
				TARGETED_DEVICE_FAMILY = "1,2";
				TEST_HOST = "$(BUILT_PRODUCTS_DIR)/PjHIts2.app/$(BUNDLE_EXECUTABLE_FOLDER_PATH)/PjHIts2";
			};
			name = Release;
		};
		80BAA80A291381A00016338A /* Debug */ = {
			isa = XCBuildConfiguration;
			buildSettings = {
				ALWAYS_EMBED_SWIFT_STANDARD_LIBRARIES = YES;
				CODE_SIGN_STYLE = Automatic;
				CURRENT_PROJECT_VERSION = 1;
				GENERATE_INFOPLIST_FILE = YES;
				MARKETING_VERSION = 1.0;
				PRODUCT_BUNDLE_IDENTIFIER = com.eamozart0122.PjHits.PjHIts2UITests;
				PRODUCT_NAME = "$(TARGET_NAME)";
				SWIFT_EMIT_LOC_STRINGS = NO;
				SWIFT_VERSION = 5.0;
				TARGETED_DEVICE_FAMILY = "1,2";
				TEST_TARGET_NAME = PjHIts2;
			};
			name = Debug;
		};
		80BAA80B291381A00016338A /* Release */ = {
			isa = XCBuildConfiguration;
			buildSettings = {
				ALWAYS_EMBED_SWIFT_STANDARD_LIBRARIES = YES;
				CODE_SIGN_STYLE = Automatic;
				CURRENT_PROJECT_VERSION = 1;
				GENERATE_INFOPLIST_FILE = YES;
				MARKETING_VERSION = 1.0;
				PRODUCT_BUNDLE_IDENTIFIER = com.eamozart0122.PjHits.PjHIts2UITests;
				PRODUCT_NAME = "$(TARGET_NAME)";
				SWIFT_EMIT_LOC_STRINGS = NO;
				SWIFT_VERSION = 5.0;
				TARGETED_DEVICE_FAMILY = "1,2";
				TEST_TARGET_NAME = PjHIts2;
			};
			name = Release;
		};
/* End XCBuildConfiguration section */

/* Begin XCConfigurationList section */
		80BAA7D42913819E0016338A /* Build configuration list for PBXProject "PjHIts2" */ = {
			isa = XCConfigurationList;
			buildConfigurations = (
				80BAA801291381A00016338A /* Debug */,
				80BAA802291381A00016338A /* Release */,
			);
			defaultConfigurationIsVisible = 0;
			defaultConfigurationName = Release;
		};
		80BAA803291381A00016338A /* Build configuration list for PBXNativeTarget "PjHIts2" */ = {
			isa = XCConfigurationList;
			buildConfigurations = (
				80BAA804291381A00016338A /* Debug */,
				80BAA805291381A00016338A /* Release */,
			);
			defaultConfigurationIsVisible = 0;
			defaultConfigurationName = Release;
		};
		80BAA806291381A00016338A /* Build configuration list for PBXNativeTarget "PjHIts2Tests" */ = {
			isa = XCConfigurationList;
			buildConfigurations = (
				80BAA807291381A00016338A /* Debug */,
				80BAA808291381A00016338A /* Release */,
			);
			defaultConfigurationIsVisible = 0;
			defaultConfigurationName = Release;
		};
		80BAA809291381A00016338A /* Build configuration list for PBXNativeTarget "PjHIts2UITests" */ = {
			isa = XCConfigurationList;
			buildConfigurations = (
				80BAA80A291381A00016338A /* Debug */,
				80BAA80B291381A00016338A /* Release */,
			);
			defaultConfigurationIsVisible = 0;
			defaultConfigurationName = Release;
		};
/* End XCConfigurationList section */
	};
	rootObject = 80BAA7D12913819E0016338A /* Project object */;
}
